
Microsoft Visual Studio Solution File, Format Version 12.00
# Visual Studio 15
VisualStudioVersion = 15.0.27004.2009
MinimumVisualStudioVersion = 10.0.40219.1
Project("{FAE04EC0-301F-11D3-BF4B-00C04F79EFBC}") = "GestaoCondominio", "GestaoCondominio\GestaoCondominio.csproj", "{FAB4D8BF-26FE-4594-9CCE-45A929B7B7F1}"
EndProject
Project("{FAE04EC0-301F-11D3-BF4B-00C04F79EFBC}") = "Entidades", "Entidades\Entidades.csproj", "{BF18B92E-C0F4-491E-8F6E-937C74353400}"
EndProject
Global
	GlobalSection(SolutionConfigurationPlatforms) = preSolution
		Debug|Any CPU = Debug|Any CPU
		Release|Any CPU = Release|Any CPU
	EndGlobalSection
	GlobalSection(ProjectConfigurationPlatforms) = postSolution
		{FAB4D8BF-26FE-4594-9CCE-45A929B7B7F1}.Debug|Any CPU.ActiveCfg = Debug|Any CPU
		{FAB4D8BF-26FE-4594-9CCE-45A929B7B7F1}.Debug|Any CPU.Build.0 = Debug|Any CPU
		{FAB4D8BF-26FE-4594-9CCE-45A929B7B7F1}.Release|Any CPU.ActiveCfg = Release|Any CPU
		{FAB4D8BF-26FE-4594-9CCE-45A929B7B7F1}.Release|Any CPU.Build.0 = Release|Any CPU
		{BF18B92E-C0F4-491E-8F6E-937C74353400}.Debug|Any CPU.ActiveCfg = Debug|Any CPU
		{BF18B92E-C0F4-491E-8F6E-937C74353400}.Debug|Any CPU.Build.0 = Debug|Any CPU
		{BF18B92E-C0F4-491E-8F6E-937C74353400}.Release|Any CPU.ActiveCfg = Release|Any CPU
		{BF18B92E-C0F4-491E-8F6E-937C74353400}.Release|Any CPU.Build.0 = Release|Any CPU
	EndGlobalSection
	GlobalSection(SolutionProperties) = preSolution
		HideSolutionNode = FALSE
	EndGlobalSection
	GlobalSection(ExtensibilityGlobals) = postSolution
		SolutionGuid = {9E8B469F-2933-4F55-9E1B-99177C82F5BC}
	EndGlobalSection
EndGlobal
